
Microsoft Visual Studio Solution File, Format Version 12.00
# Visual Studio Version 17
VisualStudioVersion = 17.8.34316.72
MinimumVisualStudioVersion = 10.0.40219.1
Project("{FAE04EC0-301F-11D3-BF4B-00C04F79EFBC}") = "Serealizer", "Serealizer\Serealizer.csproj", "{43F0899B-399A-42FB-95E0-9BEB32758EF6}"
EndProject
Global
	GlobalSection(SolutionConfigurationPlatforms) = preSolution
		Debug|Any CPU = Debug|Any CPU
		Release|Any CPU = Release|Any CPU
	EndGlobalSection
	GlobalSection(ProjectConfigurationPlatforms) = postSolution
		{43F0899B-399A-42FB-95E0-9BEB32758EF6}.Debug|Any CPU.ActiveCfg = Debug|Any CPU
		{43F0899B-399A-42FB-95E0-9BEB32758EF6}.Debug|Any CPU.Build.0 = Debug|Any CPU
		{43F0899B-399A-42FB-95E0-9BEB32758EF6}.Release|Any CPU.ActiveCfg = Release|Any CPU
		{43F0899B-399A-42FB-95E0-9BEB32758EF6}.Release|Any CPU.Build.0 = Release|Any CPU
	EndGlobalSection
	GlobalSection(SolutionProperties) = preSolution
		HideSolutionNode = FALSE
	EndGlobalSection
	GlobalSection(ExtensibilityGlobals) = postSolution
		SolutionGuid = {F9B2EA1E-7066-4D10-BB1B-C810349965F7}
	EndGlobalSection
EndGlobal
